
Microsoft Visual Studio Solution File, Format Version 12.00
# Visual Studio 15
VisualStudioVersion = 15.0.28307.136
MinimumVisualStudioVersion = 10.0.40219.1
Project("{FAE04EC0-301F-11D3-BF4B-00C04F79EFBC}") = "HackerRank_Exercises", "HackerRank_Exercises\HackerRank_Exercises.csproj", "{F41D2D3A-D2ED-4CC2-985C-C231539A7D52}"
EndProject
Project("{FAE04EC0-301F-11D3-BF4B-00C04F79EFBC}") = "UnitTest_HackerRank", "UnitTest_HackerRank\UnitTest_HackerRank.csproj", "{DF162FF8-E50B-4F4A-83CE-AB0101B3097D}"
EndProject
Global
	GlobalSection(SolutionConfigurationPlatforms) = preSolution
		Debug|Any CPU = Debug|Any CPU
		Release|Any CPU = Release|Any CPU
	EndGlobalSection
	GlobalSection(ProjectConfigurationPlatforms) = postSolution
		{F41D2D3A-D2ED-4CC2-985C-C231539A7D52}.Debug|Any CPU.ActiveCfg = Debug|Any CPU
		{F41D2D3A-D2ED-4CC2-985C-C231539A7D52}.Debug|Any CPU.Build.0 = Debug|Any CPU
		{F41D2D3A-D2ED-4CC2-985C-C231539A7D52}.Release|Any CPU.ActiveCfg = Release|Any CPU
		{F41D2D3A-D2ED-4CC2-985C-C231539A7D52}.Release|Any CPU.Build.0 = Release|Any CPU
		{DF162FF8-E50B-4F4A-83CE-AB0101B3097D}.Debug|Any CPU.ActiveCfg = Debug|Any CPU
		{DF162FF8-E50B-4F4A-83CE-AB0101B3097D}.Debug|Any CPU.Build.0 = Debug|Any CPU
		{DF162FF8-E50B-4F4A-83CE-AB0101B3097D}.Release|Any CPU.ActiveCfg = Release|Any CPU
		{DF162FF8-E50B-4F4A-83CE-AB0101B3097D}.Release|Any CPU.Build.0 = Release|Any CPU
	EndGlobalSection
	GlobalSection(SolutionProperties) = preSolution
		HideSolutionNode = FALSE
	EndGlobalSection
	GlobalSection(ExtensibilityGlobals) = postSolution
		SolutionGuid = {CDA163A3-0F57-4C6B-90F8-CA6FE7DA136A}
	EndGlobalSection
EndGlobal
